
Microsoft Visual Studio Solution File, Format Version 12.00
# Visual Studio Version 16
VisualStudioVersion = 16.0.29411.108
MinimumVisualStudioVersion = 10.0.40219.1
Project("{FAE04EC0-301F-11D3-BF4B-00C04F79EFBC}") = "Riot_API_Demo", "Riot_API_Demo\Riot_API_Demo.csproj", "{8E687C2C-8694-4D36-B1EE-24FD24AB0F7F}"
EndProject
Global
	GlobalSection(SolutionConfigurationPlatforms) = preSolution
		Debug|Any CPU = Debug|Any CPU
		Release|Any CPU = Release|Any CPU
	EndGlobalSection
	GlobalSection(ProjectConfigurationPlatforms) = postSolution
		{8E687C2C-8694-4D36-B1EE-24FD24AB0F7F}.Debug|Any CPU.ActiveCfg = Debug|Any CPU
		{8E687C2C-8694-4D36-B1EE-24FD24AB0F7F}.Debug|Any CPU.Build.0 = Debug|Any CPU
		{8E687C2C-8694-4D36-B1EE-24FD24AB0F7F}.Release|Any CPU.ActiveCfg = Release|Any CPU
		{8E687C2C-8694-4D36-B1EE-24FD24AB0F7F}.Release|Any CPU.Build.0 = Release|Any CPU
	EndGlobalSection
	GlobalSection(SolutionProperties) = preSolution
		HideSolutionNode = FALSE
	EndGlobalSection
	GlobalSection(ExtensibilityGlobals) = postSolution
		SolutionGuid = {5604EE20-899C-491D-AFA0-1345BCC5F752}
	EndGlobalSection
EndGlobal
